
Microsoft Visual Studio Solution File, Format Version 12.00
# Visual Studio Version 17
VisualStudioVersion = 17.3.32929.385
MinimumVisualStudioVersion = 10.0.40219.1
Project("{8BC9CEB8-8B4A-11D0-8D11-00A0C91BC942}") = "UnnamedEngine3", "UnnamedEngine3.vcxproj", "{A36077F1-61CB-4798-A6A2-3061BFD4DF6A}"
EndProject
Global
	GlobalSection(SolutionConfigurationPlatforms) = preSolution
		Debug|x64 = Debug|x64
		Debug|x86 = Debug|x86
		Release|x64 = Release|x64
		Release|x86 = Release|x86
	EndGlobalSection
	GlobalSection(ProjectConfigurationPlatforms) = postSolution
		{A36077F1-61CB-4798-A6A2-3061BFD4DF6A}.Debug|x64.ActiveCfg = Debug|x64
		{A36077F1-61CB-4798-A6A2-3061BFD4DF6A}.Debug|x64.Build.0 = Debug|x64
		{A36077F1-61CB-4798-A6A2-3061BFD4DF6A}.Debug|x86.ActiveCfg = Debug|Win32
		{A36077F1-61CB-4798-A6A2-3061BFD4DF6A}.Debug|x86.Build.0 = Debug|Win32
		{A36077F1-61CB-4798-A6A2-3061BFD4DF6A}.Release|x64.ActiveCfg = Release|x64
		{A36077F1-61CB-4798-A6A2-3061BFD4DF6A}.Release|x64.Build.0 = Release|x64
		{A36077F1-61CB-4798-A6A2-3061BFD4DF6A}.Release|x86.ActiveCfg = Release|Win32
		{A36077F1-61CB-4798-A6A2-3061BFD4DF6A}.Release|x86.Build.0 = Release|Win32
	EndGlobalSection
	GlobalSection(SolutionProperties) = preSolution
		HideSolutionNode = FALSE
	EndGlobalSection
	GlobalSection(ExtensibilityGlobals) = postSolution
		SolutionGuid = {327C4557-0DF7-431C-AC44-70E8EAADC178}
	EndGlobalSection
EndGlobal
